// !$*UTF8*$!
{
	archiveVersion = 1;
	classes = {
	};
	objectVersion = 46;
	objects = {

/* Begin PBXBuildFile section */
		CF6E5C131C7831F400195F5C /* AppDelegate.swift in Sources */ = {isa = PBXBuildFile; fileRef = CF6E5C121C7831F400195F5C /* AppDelegate.swift */; };
		CF6E5C151C7831F400195F5C /* ViewController.swift in Sources */ = {isa = PBXBuildFile; fileRef = CF6E5C141C7831F400195F5C /* ViewController.swift */; };
		CF6E5C181C7831F400195F5C /* Main.storyboard in Resources */ = {isa = PBXBuildFile; fileRef = CF6E5C161C7831F400195F5C /* Main.storyboard */; };
		CF6E5C1B1C7831F400195F5C /* PureFlint.xcdatamodeld in Sources */ = {isa = PBXBuildFile; fileRef = CF6E5C191C7831F400195F5C /* PureFlint.xcdatamodeld */; };
		CF6E5C1D1C7831F400195F5C /* Assets.xcassets in Resources */ = {isa = PBXBuildFile; fileRef = CF6E5C1C1C7831F400195F5C /* Assets.xcassets */; };
		CF6E5C201C7831F400195F5C /* LaunchScreen.storyboard in Resources */ = {isa = PBXBuildFile; fileRef = CF6E5C1E1C7831F400195F5C /* LaunchScreen.storyboard */; };
		CF6E5C2B1C7831F400195F5C /* PureFlintTests.swift in Sources */ = {isa = PBXBuildFile; fileRef = CF6E5C2A1C7831F400195F5C /* PureFlintTests.swift */; };
		CF6E5C361C7831F400195F5C /* PureFlintUITests.swift in Sources */ = {isa = PBXBuildFile; fileRef = CF6E5C351C7831F400195F5C /* PureFlintUITests.swift */; };
/* End PBXBuildFile section */

/* Begin PBXContainerItemProxy section */
		CF6E5C271C7831F400195F5C /* PBXContainerItemProxy */ = {
			isa = PBXContainerItemProxy;
			containerPortal = CF6E5C071C7831F400195F5C /* Project object */;
			proxyType = 1;
			remoteGlobalIDString = CF6E5C0E1C7831F400195F5C;
			remoteInfo = PureFlint;
		};
		CF6E5C321C7831F400195F5C /* PBXContainerItemProxy */ = {
			isa = PBXContainerItemProxy;
			containerPortal = CF6E5C071C7831F400195F5C /* Project object */;
			proxyType = 1;
			remoteGlobalIDString = CF6E5C0E1C7831F400195F5C;
			remoteInfo = PureFlint;
		};
/* End PBXContainerItemProxy section */

/* Begin PBXFileReference section */
		CF6E5C0F1C7831F400195F5C /* PureFlint.app */ = {isa = PBXFileReference; explicitFileType = wrapper.application; includeInIndex = 0; path = PureFlint.app; sourceTree = BUILT_PRODUCTS_DIR; };
		CF6E5C121C7831F400195F5C /* AppDelegate.swift */ = {isa = PBXFileReference; lastKnownFileType = sourcecode.swift; path = AppDelegate.swift; sourceTree = "<group>"; };
		CF6E5C141C7831F400195F5C /* ViewController.swift */ = {isa = PBXFileReference; lastKnownFileType = sourcecode.swift; path = ViewController.swift; sourceTree = "<group>"; };
		CF6E5C171C7831F400195F5C /* Base */ = {isa = PBXFileReference; lastKnownFileType = file.storyboard; name = Base; path = Base.lproj/Main.storyboard; sourceTree = "<group>"; };
		CF6E5C1A1C7831F400195F5C /* PureFlint.xcdatamodel */ = {isa = PBXFileReference; lastKnownFileType = wrapper.xcdatamodel; path = PureFlint.xcdatamodel; sourceTree = "<group>"; };
		CF6E5C1C1C7831F400195F5C /* Assets.xcassets */ = {isa = PBXFileReference; lastKnownFileType = folder.assetcatalog; path = Assets.xcassets; sourceTree = "<group>"; };
		CF6E5C1F1C7831F400195F5C /* Base */ = {isa = PBXFileReference; lastKnownFileType = file.storyboard; name = Base; path = Base.lproj/LaunchScreen.storyboard; sourceTree = "<group>"; };
		CF6E5C211C7831F400195F5C /* Info.plist */ = {isa = PBXFileReference; lastKnownFileType = text.plist.xml; path = Info.plist; sourceTree = "<group>"; };
		CF6E5C261C7831F400195F5C /* PureFlintTests.xctest */ = {isa = PBXFileReference; explicitFileType = wrapper.cfbundle; includeInIndex = 0; path = PureFlintTests.xctest; sourceTree = BUILT_PRODUCTS_DIR; };
		CF6E5C2A1C7831F400195F5C /* PureFlintTests.swift */ = {isa = PBXFileReference; lastKnownFileType = sourcecode.swift; path = PureFlintTests.swift; sourceTree = "<group>"; };
		CF6E5C2C1C7831F400195F5C /* Info.plist */ = {isa = PBXFileReference; lastKnownFileType = text.plist.xml; path = Info.plist; sourceTree = "<group>"; };
		CF6E5C311C7831F400195F5C /* PureFlintUITests.xctest */ = {isa = PBXFileReference; explicitFileType = wrapper.cfbundle; includeInIndex = 0; path = PureFlintUITests.xctest; sourceTree = BUILT_PRODUCTS_DIR; };
		CF6E5C351C7831F400195F5C /* PureFlintUITests.swift */ = {isa = PBXFileReference; lastKnownFileType = sourcecode.swift; path = PureFlintUITests.swift; sourceTree = "<group>"; };
		CF6E5C371C7831F400195F5C /* Info.plist */ = {isa = PBXFileReference; lastKnownFileType = text.plist.xml; path = Info.plist; sourceTree = "<group>"; };
/* End PBXFileReference section */

/* Begin PBXFrameworksBuildPhase section */
		CF6E5C0C1C7831F400195F5C /* Frameworks */ = {
			isa = PBXFrameworksBuildPhase;
			buildActionMask = 2147483647;
			files = (
			);
			runOnlyForDeploymentPostprocessing = 0;
		};
		CF6E5C231C7831F400195F5C /* Frameworks */ = {
			isa = PBXFrameworksBuildPhase;
			buildActionMask = 2147483647;
			files = (
			);
			runOnlyForDeploymentPostprocessing = 0;
		};
		CF6E5C2E1C7831F400195F5C /* Frameworks */ = {
			isa = PBXFrameworksBuildPhase;
			buildActionMask = 2147483647;
			files = (
			);
			runOnlyForDeploymentPostprocessing = 0;
		};
/* End PBXFrameworksBuildPhase section */

/* Begin PBXGroup section */
		CF6E5C061C7831F400195F5C = {
			isa = PBXGroup;
			children = (
				CF6E5C111C7831F400195F5C /* PureFlint */,
				CF6E5C291C7831F400195F5C /* PureFlintTests */,
				CF6E5C341C7831F400195F5C /* PureFlintUITests */,
				CF6E5C101C7831F400195F5C /* Products */,
			);
			sourceTree = "<group>";
		};
		CF6E5C101C7831F400195F5C /* Products */ = {
			isa = PBXGroup;
			children = (
				CF6E5C0F1C7831F400195F5C /* PureFlint.app */,
				CF6E5C261C7831F400195F5C /* PureFlintTests.xctest */,
				CF6E5C311C7831F400195F5C /* PureFlintUITests.xctest */,
			);
			name = Products;
			sourceTree = "<group>";
		};
		CF6E5C111C7831F400195F5C /* PureFlint */ = {
			isa = PBXGroup;
			children = (
				CF6E5C121C7831F400195F5C /* AppDelegate.swift */,
				CF6E5C141C7831F400195F5C /* ViewController.swift */,
				CF6E5C161C7831F400195F5C /* Main.storyboard */,
				CF6E5C1C1C7831F400195F5C /* Assets.xcassets */,
				CF6E5C1E1C7831F400195F5C /* LaunchScreen.storyboard */,
				CF6E5C211C7831F400195F5C /* Info.plist */,
				CF6E5C191C7831F400195F5C /* PureFlint.xcdatamodeld */,
			);
			path = PureFlint;
			sourceTree = "<group>";
		};
		CF6E5C291C7831F400195F5C /* PureFlintTests */ = {
			isa = PBXGroup;
			children = (
				CF6E5C2A1C7831F400195F5C /* PureFlintTests.swift */,
				CF6E5C2C1C7831F400195F5C /* Info.plist */,
			);
			path = PureFlintTests;
			sourceTree = "<group>";
		};
		CF6E5C341C7831F400195F5C /* PureFlintUITests */ = {
			isa = PBXGroup;
			children = (
				CF6E5C351C7831F400195F5C /* PureFlintUITests.swift */,
				CF6E5C371C7831F400195F5C /* Info.plist */,
			);
			path = PureFlintUITests;
			sourceTree = "<group>";
		};
/* End PBXGroup section */

/* Begin PBXNativeTarget section */
		CF6E5C0E1C7831F400195F5C /* PureFlint */ = {
			isa = PBXNativeTarget;
			buildConfigurationList = CF6E5C3A1C7831F400195F5C /* Build configuration list for PBXNativeTarget "PureFlint" */;
			buildPhases = (
				CF6E5C0B1C7831F400195F5C /* Sources */,
				CF6E5C0C1C7831F400195F5C /* Frameworks */,
				CF6E5C0D1C7831F400195F5C /* Resources */,
			);
			buildRules = (
			);
			dependencies = (
			);
			name = PureFlint;
			productName = PureFlint;
			productReference = CF6E5C0F1C7831F400195F5C /* PureFlint.app */;
			productType = "com.apple.product-type.application";
		};
		CF6E5C251C7831F400195F5C /* PureFlintTests */ = {
			isa = PBXNativeTarget;
			buildConfigurationList = CF6E5C3D1C7831F400195F5C /* Build configuration list for PBXNativeTarget "PureFlintTests" */;
			buildPhases = (
				CF6E5C221C7831F400195F5C /* Sources */,
				CF6E5C231C7831F400195F5C /* Frameworks */,
				CF6E5C241C7831F400195F5C /* Resources */,
			);
			buildRules = (
			);
			dependencies = (
				CF6E5C281C7831F400195F5C /* PBXTargetDependency */,
			);
			name = PureFlintTests;
			productName = PureFlintTests;
			productReference = CF6E5C261C7831F400195F5C /* PureFlintTests.xctest */;
			productType = "com.apple.product-type.bundle.unit-test";
		};
		CF6E5C301C7831F400195F5C /* PureFlintUITests */ = {
			isa = PBXNativeTarget;
			buildConfigurationList = CF6E5C401C7831F400195F5C /* Build configuration list for PBXNativeTarget "PureFlintUITests" */;
			buildPhases = (
				CF6E5C2D1C7831F400195F5C /* Sources */,
				CF6E5C2E1C7831F400195F5C /* Frameworks */,
				CF6E5C2F1C7831F400195F5C /* Resources */,
			);
			buildRules = (
			);
			dependencies = (
				CF6E5C331C7831F400195F5C /* PBXTargetDependency */,
			);
			name = PureFlintUITests;
			productName = PureFlintUITests;
			productReference = CF6E5C311C7831F400195F5C /* PureFlintUITests.xctest */;
			productType = "com.apple.product-type.bundle.ui-testing";
		};
/* End PBXNativeTarget section */

/* Begin PBXProject section */
		CF6E5C071C7831F400195F5C /* Project object */ = {
			isa = PBXProject;
			attributes = {
				LastSwiftUpdateCheck = 0720;
				LastUpgradeCheck = 0720;
				ORGANIZATIONNAME = haithammaaieh;
				TargetAttributes = {
					CF6E5C0E1C7831F400195F5C = {
						CreatedOnToolsVersion = 7.2.1;
					};
					CF6E5C251C7831F400195F5C = {
						CreatedOnToolsVersion = 7.2.1;
						TestTargetID = CF6E5C0E1C7831F400195F5C;
					};
					CF6E5C301C7831F400195F5C = {
						CreatedOnToolsVersion = 7.2.1;
						TestTargetID = CF6E5C0E1C7831F400195F5C;
					};
				};
			};
			buildConfigurationList = CF6E5C0A1C7831F400195F5C /* Build configuration list for PBXProject "PureFlint" */;
			compatibilityVersion = "Xcode 3.2";
			developmentRegion = English;
			hasScannedForEncodings = 0;
			knownRegions = (
				en,
				Base,
			);
			mainGroup = CF6E5C061C7831F400195F5C;
			productRefGroup = CF6E5C101C7831F400195F5C /* Products */;
			projectDirPath = "";
			projectRoot = "";
			targets = (
				CF6E5C0E1C7831F400195F5C /* PureFlint */,
				CF6E5C251C7831F400195F5C /* PureFlintTests */,
				CF6E5C301C7831F400195F5C /* PureFlintUITests */,
			);
		};
/* End PBXProject section */

/* Begin PBXResourcesBuildPhase section */
		CF6E5C0D1C7831F400195F5C /* Resources */ = {
			isa = PBXResourcesBuildPhase;
			buildActionMask = 2147483647;
			files = (
				CF6E5C201C7831F400195F5C /* LaunchScreen.storyboard in Resources */,
				CF6E5C1D1C7831F400195F5C /* Assets.xcassets in Resources */,
				CF6E5C181C7831F400195F5C /* Main.storyboard in Resources */,
			);
			runOnlyForDeploymentPostprocessing = 0;
		};
		CF6E5C241C7831F400195F5C /* Resources */ = {
			isa = PBXResourcesBuildPhase;
			buildActionMask = 2147483647;
			files = (
			);
			runOnlyForDeploymentPostprocessing = 0;
		};
		CF6E5C2F1C7831F400195F5C /* Resources */ = {
			isa = PBXResourcesBuildPhase;
			buildActionMask = 2147483647;
			files = (
			);
			runOnlyForDeploymentPostprocessing = 0;
		};
/* End PBXResourcesBuildPhase section */

/* Begin PBXSourcesBuildPhase section */
		CF6E5C0B1C7831F400195F5C /* Sources */ = {
			isa = PBXSourcesBuildPhase;
			buildActionMask = 2147483647;
			files = (
				CF6E5C151C7831F400195F5C /* ViewController.swift in Sources */,
				CF6E5C131C7831F400195F5C /* AppDelegate.swift in Sources */,
				CF6E5C1B1C7831F400195F5C /* PureFlint.xcdatamodeld in Sources */,
			);
			runOnlyForDeploymentPostprocessing = 0;
		};
		CF6E5C221C7831F400195F5C /* Sources */ = {
			isa = PBXSourcesBuildPhase;
			buildActionMask = 2147483647;
			files = (
				CF6E5C2B1C7831F400195F5C /* PureFlintTests.swift in Sources */,
			);
			runOnlyForDeploymentPostprocessing = 0;
		};
		CF6E5C2D1C7831F400195F5C /* Sources */ = {
			isa = PBXSourcesBuildPhase;
			buildActionMask = 2147483647;
			files = (
				CF6E5C361C7831F400195F5C /* PureFlintUITests.swift in Sources */,
			);
			runOnlyForDeploymentPostprocessing = 0;
		};
/* End PBXSourcesBuildPhase section */

/* Begin PBXTargetDependency section */
		CF6E5C281C7831F400195F5C /* PBXTargetDependency */ = {
			isa = PBXTargetDependency;
			target = CF6E5C0E1C7831F400195F5C /* PureFlint */;
			targetProxy = CF6E5C271C7831F400195F5C /* PBXContainerItemProxy */;
		};
		CF6E5C331C7831F400195F5C /* PBXTargetDependency */ = {
			isa = PBXTargetDependency;
			target = CF6E5C0E1C7831F400195F5C /* PureFlint */;
			targetProxy = CF6E5C321C7831F400195F5C /* PBXContainerItemProxy */;
		};
/* End PBXTargetDependency section */

/* Begin PBXVariantGroup section */
		CF6E5C161C7831F400195F5C /* Main.storyboard */ = {
			isa = PBXVariantGroup;
			children = (
				CF6E5C171C7831F400195F5C /* Base */,
			);
			name = Main.storyboard;
			sourceTree = "<group>";
		};
		CF6E5C1E1C7831F400195F5C /* LaunchScreen.storyboard */ = {
			isa = PBXVariantGroup;
			children = (
				CF6E5C1F1C7831F400195F5C /* Base */,
			);
			name = LaunchScreen.storyboard;
			sourceTree = "<group>";
		};
/* End PBXVariantGroup section */

/* Begin XCBuildConfiguration section */
		CF6E5C381C7831F400195F5C /* Debug */ = {
			isa = XCBuildConfiguration;
			buildSettings = {
				ALWAYS_SEARCH_USER_PATHS = NO;
				CLANG_CXX_LANGUAGE_STANDARD = "gnu++0x";
				CLANG_CXX_LIBRARY = "libc++";
				CLANG_ENABLE_MODULES = YES;
				CLANG_ENABLE_OBJC_ARC = YES;
				CLANG_WARN_BOOL_CONVERSION = YES;
				CLANG_WARN_CONSTANT_CONVERSION = YES;
				CLANG_WARN_DIRECT_OBJC_ISA_USAGE = YES_ERROR;
				CLANG_WARN_EMPTY_BODY = YES;
				CLANG_WARN_ENUM_CONVERSION = YES;
				CLANG_WARN_INT_CONVERSION = YES;
				CLANG_WARN_OBJC_ROOT_CLASS = YES_ERROR;
				CLANG_WARN_UNREACHABLE_CODE = YES;
				CLANG_WARN__DUPLICATE_METHOD_MATCH = YES;
				"CODE_SIGN_IDENTITY[sdk=iphoneos*]" = "iPhone Developer";
				COPY_PHASE_STRIP = NO;
				DEBUG_INFORMATION_FORMAT = dwarf;
				ENABLE_STRICT_OBJC_MSGSEND = YES;
				ENABLE_TESTABILITY = YES;
				GCC_C_LANGUAGE_STANDARD = gnu99;
				GCC_DYNAMIC_NO_PIC = NO;
				GCC_NO_COMMON_BLOCKS = YES;
				GCC_OPTIMIZATION_LEVEL = 0;
				GCC_PREPROCESSOR_DEFINITIONS = (
					"DEBUG=1",
					"$(inherited)",
				);
				GCC_WARN_64_TO_32_BIT_CONVERSION = YES;
				GCC_WARN_ABOUT_RETURN_TYPE = YES_ERROR;
				GCC_WARN_UNDECLARED_SELECTOR = YES;
				GCC_WARN_UNINITIALIZED_AUTOS = YES_AGGRESSIVE;
				GCC_WARN_UNUSED_FUNCTION = YES;
				GCC_WARN_UNUSED_VARIABLE = YES;
				IPHONEOS_DEPLOYMENT_TARGET = 9.2;
				MTL_ENABLE_DEBUG_INFO = YES;
				ONLY_ACTIVE_ARCH = YES;
				SDKROOT = iphoneos;
				SWIFT_OPTIMIZATION_LEVEL = "-Onone";
				TARGETED_DEVICE_FAMILY = "1,2";
			};
			name = Debug;
		};
		CF6E5C391C7831F400195F5C /* Release */ = {
			isa = XCBuildConfiguration;
			buildSettings = {
				ALWAYS_SEARCH_USER_PATHS = NO;
				CLANG_CXX_LANGUAGE_STANDARD = "gnu++0x";
				CLANG_CXX_LIBRARY = "libc++";
				CLANG_ENABLE_MODULES = YES;
				CLANG_ENABLE_OBJC_ARC = YES;
				CLANG_WARN_BOOL_CONVERSION = YES;
				CLANG_WARN_CONSTANT_CONVERSION = YES;
				CLANG_WARN_DIRECT_OBJC_ISA_USAGE = YES_ERROR;
				CLANG_WARN_EMPTY_BODY = YES;
				CLANG_WARN_ENUM_CONVERSION = YES;
				CLANG_WARN_INT_CONVERSION = YES;
				CLANG_WARN_OBJC_ROOT_CLASS = YES_ERROR;
				CLANG_WARN_UNREACHABLE_CODE = YES;
				CLANG_WARN__DUPLICATE_METHOD_MATCH = YES;
				"CODE_SIGN_IDENTITY[sdk=iphoneos*]" = "iPhone Developer";
				COPY_PHASE_STRIP = NO;
				DEBUG_INFORMATION_FORMAT = "dwarf-with-dsym";
				ENABLE_NS_ASSERTIONS = NO;
				ENABLE_STRICT_OBJC_MSGSEND = YES;
				GCC_C_LANGUAGE_STANDARD = gnu99;
				GCC_NO_COMMON_BLOCKS = YES;
				GCC_WARN_64_TO_32_BIT_CONVERSION = YES;
				GCC_WARN_ABOUT_RETURN_TYPE = YES_ERROR;
				GCC_WARN_UNDECLARED_SELECTOR = YES;
				GCC_WARN_UNINITIALIZED_AUTOS = YES_AGGRESSIVE;
				GCC_WARN_UNUSED_FUNCTION = YES;
				GCC_WARN_UNUSED_VARIABLE = YES;
				IPHONEOS_DEPLOYMENT_TARGET = 9.2;
				MTL_ENABLE_DEBUG_INFO = NO;
				SDKROOT = iphoneos;
				TARGETED_DEVICE_FAMILY = "1,2";
				VALIDATE_PRODUCT = YES;
			};
			name = Release;
		};
		CF6E5C3B1C7831F400195F5C /* Debug */ = {
			isa = XCBuildConfiguration;
			buildSettings = {
				ASSETCATALOG_COMPILER_APPICON_NAME = AppIcon;
				INFOPLIST_FILE = PureFlint/Info.plist;
				LD_RUNPATH_SEARCH_PATHS = "$(inherited) @executable_path/Frameworks";
				PRODUCT_BUNDLE_IDENTIFIER = com.haithammaaieh.PureFlint;
				PRODUCT_NAME = "$(TARGET_NAME)";
			};
			name = Debug;
		};
		CF6E5C3C1C7831F400195F5C /* Release */ = {
			isa = XCBuildConfiguration;
			buildSettings = {
				ASSETCATALOG_COMPILER_APPICON_NAME = AppIcon;
				INFOPLIST_FILE = PureFlint/Info.plist;
				LD_RUNPATH_SEARCH_PATHS = "$(inherited) @executable_path/Frameworks";
				PRODUCT_BUNDLE_IDENTIFIER = com.haithammaaieh.PureFlint;
				PRODUCT_NAME = "$(TARGET_NAME)";
			};
			name = Release;
		};
		CF6E5C3E1C7831F400195F5C /* Debug */ = {
			isa = XCBuildConfiguration;
			buildSettings = {
				BUNDLE_LOADER = "$(TEST_HOST)";
				INFOPLIST_FILE = PureFlintTests/Info.plist;
				LD_RUNPATH_SEARCH_PATHS = "$(inherited) @executable_path/Frameworks @loader_path/Frameworks";
				PRODUCT_BUNDLE_IDENTIFIER = com.haithammaaieh.PureFlintTests;
				PRODUCT_NAME = "$(TARGET_NAME)";
				TEST_HOST = "$(BUILT_PRODUCTS_DIR)/PureFlint.app/PureFlint";
			};
			name = Debug;
		};
		CF6E5C3F1C7831F400195F5C /* Release */ = {
			isa = XCBuildConfiguration;
			buildSettings = {
				BUNDLE_LOADER = "$(TEST_HOST)";
				INFOPLIST_FILE = PureFlintTests/Info.plist;
				LD_RUNPATH_SEARCH_PATHS = "$(inherited) @executable_path/Frameworks @loader_path/Frameworks";
				PRODUCT_BUNDLE_IDENTIFIER = com.haithammaaieh.PureFlintTests;
				PRODUCT_NAME = "$(TARGET_NAME)";
				TEST_HOST = "$(BUILT_PRODUCTS_DIR)/PureFlint.app/PureFlint";
			};
			name = Release;
		};
		CF6E5C411C7831F400195F5C /* Debug */ = {
			isa = XCBuildConfiguration;
			buildSettings = {
				INFOPLIST_FILE = PureFlintUITests/Info.plist;
				LD_RUNPATH_SEARCH_PATHS = "$(inherited) @executable_path/Frameworks @loader_path/Frameworks";
				PRODUCT_BUNDLE_IDENTIFIER = com.haithammaaieh.PureFlintUITests;
				PRODUCT_NAME = "$(TARGET_NAME)";
				TEST_TARGET_NAME = PureFlint;
				USES_XCTRUNNER = YES;
			};
			name = Debug;
		};
		CF6E5C421C7831F400195F5C /* Release */ = {
			isa = XCBuildConfiguration;
			buildSettings = {
				INFOPLIST_FILE = PureFlintUITests/Info.plist;
				LD_RUNPATH_SEARCH_PATHS = "$(inherited) @executable_path/Frameworks @loader_path/Frameworks";
				PRODUCT_BUNDLE_IDENTIFIER = com.haithammaaieh.PureFlintUITests;
				PRODUCT_NAME = "$(TARGET_NAME)";
				TEST_TARGET_NAME = PureFlint;
				USES_XCTRUNNER = YES;
			};
			name = Release;
		};
/* End XCBuildConfiguration section */

/* Begin XCConfigurationList section */
		CF6E5C0A1C7831F400195F5C /* Build configuration list for PBXProject "PureFlint" */ = {
			isa = XCConfigurationList;
			buildConfigurations = (
				CF6E5C381C7831F400195F5C /* Debug */,
				CF6E5C391C7831F400195F5C /* Release */,
			);
			defaultConfigurationIsVisible = 0;
			defaultConfigurationName = Release;
		};
		CF6E5C3A1C7831F400195F5C /* Build configuration list for PBXNativeTarget "PureFlint" */ = {
			isa = XCConfigurationList;
			buildConfigurations = (
				CF6E5C3B1C7831F400195F5C /* Debug */,
				CF6E5C3C1C7831F400195F5C /* Release */,
			);
			defaultConfigurationIsVisible = 0;
		};
		CF6E5C3D1C7831F400195F5C /* Build configuration list for PBXNativeTarget "PureFlintTests" */ = {
			isa = XCConfigurationList;
			buildConfigurations = (
				CF6E5C3E1C7831F400195F5C /* Debug */,
				CF6E5C3F1C7831F400195F5C /* Release */,
			);
			defaultConfigurationIsVisible = 0;
		};
		CF6E5C401C7831F400195F5C /* Build configuration list for PBXNativeTarget "PureFlintUITests" */ = {
			isa = XCConfigurationList;
			buildConfigurations = (
				CF6E5C411C7831F400195F5C /* Debug */,
				CF6E5C421C7831F400195F5C /* Release */,
			);
			defaultConfigurationIsVisible = 0;
		};
/* End XCConfigurationList section */

/* Begin XCVersionGroup section */
		CF6E5C191C7831F400195F5C /* PureFlint.xcdatamodeld */ = {
			isa = XCVersionGroup;
			children = (
				CF6E5C1A1C7831F400195F5C /* PureFlint.xcdatamodel */,
			);
			currentVersion = CF6E5C1A1C7831F400195F5C /* PureFlint.xcdatamodel */;
			path = PureFlint.xcdatamodeld;
			sourceTree = "<group>";
			versionGroupType = wrapper.xcdatamodel;
		};
/* End XCVersionGroup section */
	};
	rootObject = CF6E5C071C7831F400195F5C /* Project object */;
}
